
Microsoft Visual Studio Solution File, Format Version 12.00
# Visual Studio Version 16
VisualStudioVersion = 16.0.28729.10
MinimumVisualStudioVersion = 10.0.40219.1
Project("{FAE04EC0-301F-11D3-BF4B-00C04F79EFBC}") = "RetailTrump", "RetailTrump\RetailTrump.csproj", "{1B487A87-1F07-454C-A031-4705896119CA}"
EndProject
Project("{FAE04EC0-301F-11D3-BF4B-00C04F79EFBC}") = "ksslib_c", "..\..\kss_librerias\KSS_Lib_c\ksslib_c.csproj", "{63BB3ACA-4641-43BE-BAE6-29E62D0D0580}"
EndProject
Project("{F184B08F-C81C-45F6-A57F-5ABD9991F28F}") = "ksslib", "..\..\kss_librerias\KSS_Lib\ksslib.vbproj", "{4BFA0B4F-2849-4A52-B9C1-40E7147938F4}"
EndProject
Global
	GlobalSection(SolutionConfigurationPlatforms) = preSolution
		Debug|Any CPU = Debug|Any CPU
		Debug|x86 = Debug|x86
		Release|Any CPU = Release|Any CPU
		Release|x86 = Release|x86
	EndGlobalSection
	GlobalSection(ProjectConfigurationPlatforms) = postSolution
		{1B487A87-1F07-454C-A031-4705896119CA}.Debug|Any CPU.ActiveCfg = Debug|Any CPU
		{1B487A87-1F07-454C-A031-4705896119CA}.Debug|Any CPU.Build.0 = Debug|Any CPU
		{1B487A87-1F07-454C-A031-4705896119CA}.Debug|x86.ActiveCfg = Debug|x86
		{1B487A87-1F07-454C-A031-4705896119CA}.Debug|x86.Build.0 = Debug|x86
		{1B487A87-1F07-454C-A031-4705896119CA}.Release|Any CPU.ActiveCfg = Release|Any CPU
		{1B487A87-1F07-454C-A031-4705896119CA}.Release|Any CPU.Build.0 = Release|Any CPU
		{1B487A87-1F07-454C-A031-4705896119CA}.Release|x86.ActiveCfg = Release|x86
		{1B487A87-1F07-454C-A031-4705896119CA}.Release|x86.Build.0 = Release|x86
		{63BB3ACA-4641-43BE-BAE6-29E62D0D0580}.Debug|Any CPU.ActiveCfg = Debug|Any CPU
		{63BB3ACA-4641-43BE-BAE6-29E62D0D0580}.Debug|Any CPU.Build.0 = Debug|Any CPU
		{63BB3ACA-4641-43BE-BAE6-29E62D0D0580}.Debug|x86.ActiveCfg = Debug|x86
		{63BB3ACA-4641-43BE-BAE6-29E62D0D0580}.Debug|x86.Build.0 = Debug|x86
		{63BB3ACA-4641-43BE-BAE6-29E62D0D0580}.Release|Any CPU.ActiveCfg = Release|Any CPU
		{63BB3ACA-4641-43BE-BAE6-29E62D0D0580}.Release|Any CPU.Build.0 = Release|Any CPU
		{63BB3ACA-4641-43BE-BAE6-29E62D0D0580}.Release|x86.ActiveCfg = Release|x86
		{63BB3ACA-4641-43BE-BAE6-29E62D0D0580}.Release|x86.Build.0 = Release|x86
		{4BFA0B4F-2849-4A52-B9C1-40E7147938F4}.Debug|Any CPU.ActiveCfg = Debug|Any CPU
		{4BFA0B4F-2849-4A52-B9C1-40E7147938F4}.Debug|Any CPU.Build.0 = Debug|Any CPU
		{4BFA0B4F-2849-4A52-B9C1-40E7147938F4}.Debug|x86.ActiveCfg = Debug|x86
		{4BFA0B4F-2849-4A52-B9C1-40E7147938F4}.Debug|x86.Build.0 = Debug|x86
		{4BFA0B4F-2849-4A52-B9C1-40E7147938F4}.Release|Any CPU.ActiveCfg = Release|Any CPU
		{4BFA0B4F-2849-4A52-B9C1-40E7147938F4}.Release|Any CPU.Build.0 = Release|Any CPU
		{4BFA0B4F-2849-4A52-B9C1-40E7147938F4}.Release|x86.ActiveCfg = Release|x86
		{4BFA0B4F-2849-4A52-B9C1-40E7147938F4}.Release|x86.Build.0 = Release|x86
	EndGlobalSection
	GlobalSection(SolutionProperties) = preSolution
		HideSolutionNode = FALSE
	EndGlobalSection
	GlobalSection(ExtensibilityGlobals) = postSolution
		SolutionGuid = {F7E77F84-2484-4D29-877F-AD8E0DFA7A57}
	EndGlobalSection
EndGlobal
